{
  "name": "web-components-poc",
  "version": "1.0.0",
  "lockfileVersion": 1,
  "requires": true,
  "dependencies": {
    "@webcomponents/webcomponentsjs": {
      "version": "2.2.6",
      "resolved": "https://descinet.bbva.es/artifactory/api/npm/npm/@webcomponents/webcomponentsjs/-/webcomponentsjs-2.2.6.tgz?dl=https://registry.npmjs.org/@webcomponents/webcomponentsjs/-/webcomponentsjs-2.2.6.tgz",
      "integrity": "sha1-tqofg38F7CpplusJGF1a3gQrpKk="
    }
  }
}
